<Solution>
  <Folder Name="/samples/">
    <Project Path="samples/CdpSampleApp/CdpSampleApp.csproj" />
  </Folder>
  <Folder Name="/src/">
    <Project Path="src/Avalonia.Diagnostics.Cdp/Avalonia.Diagnostics.Cdp.csproj" />
  </Folder>
  <Folder Name="/tests/">
    <Project Path="tests/Avalonia.Diagnostics.Cdp.Tests/Avalonia.Diagnostics.Cdp.Tests.csproj" />
  </Folder>
</Solution>
